{
  "name": "context-manager",
  "version": "0.1.0",
  "lockfileVersion": 3,
  "requires": true,
  "packages": {
    "": {
      "name": "context-manager",
      "version": "0.1.0",
      "bin": {
        "context-manager": "bin/context-manager.mjs"
      },
      "engines": {
        "node": ">=20"
      }
    }
  }
}
